// !$*UTF8*$!
{
	archiveVersion = 1;
	classes = {
	};
	objectVersion = 46;
	objects = {

/* Begin PBXBuildFile section */
		2EE7040114795ACE006EBF76 /* sqlite3.c in Sources */ = {isa = PBXBuildFile; fileRef = 2EE703FF14795ACE006EBF76 /* sqlite3.c */; };
		2EE7047214796D4C006EBF76 /* QSParser.name.strings in Resources */ = {isa = PBXBuildFile; fileRef = 2EE7047114796D4C006EBF76 /* QSParser.name.strings */; };
		8D1AC9700486D14A00FE50C9 /* Cocoa.framework in Frameworks */ = {isa = PBXBuildFile; fileRef = DD92D38A0106425D02CA0E72 /* Cocoa.framework */; };
		CDB5A07727C142D200F43DE0 /* lz4.c in Sources */ = {isa = PBXBuildFile; fileRef = CDB5A07527C142D200F43DE0 /* lz4.c */; };
		CDB5A07827C147E300F43DE0 /* lz4firefox.m in Sources */ = {isa = PBXBuildFile; fileRef = CDB5A07327C1422400F43DE0 /* lz4firefox.m */; };
		CDB5A08727C14C7500F43DE0 /* FMDatabaseAdditions.m in Sources */ = {isa = PBXBuildFile; fileRef = CDB5A07F27C14C5500F43DE0 /* FMDatabaseAdditions.m */; };
		CDB5A08827C14C7500F43DE0 /* FMDatabase.m in Sources */ = {isa = PBXBuildFile; fileRef = CDB5A08027C14C5500F43DE0 /* FMDatabase.m */; };
		CDB5A08927C14C7500F43DE0 /* FMResultSet.m in Sources */ = {isa = PBXBuildFile; fileRef = CDB5A08527C14C5500F43DE0 /* FMResultSet.m */; };
		E1EAB046068128A200774DFF /* QSFirefoxPlugIn.m in Sources */ = {isa = PBXBuildFile; fileRef = E1EAB045068128A200774DFF /* QSFirefoxPlugIn.m */; };
/* End PBXBuildFile section */

/* Begin PBXFileReference section */
		2E6827821476E16D0056CE09 /* Common.xcconfig */ = {isa = PBXFileReference; fileEncoding = 4; lastKnownFileType = text.xcconfig; path = Common.xcconfig; sourceTree = "<group>"; };
		2E6827831476E16D0056CE09 /* Debug.xcconfig */ = {isa = PBXFileReference; fileEncoding = 4; lastKnownFileType = text.xcconfig; path = Debug.xcconfig; sourceTree = "<group>"; };
		2E6827841476E16D0056CE09 /* Developer.xcconfig */ = {isa = PBXFileReference; fileEncoding = 4; lastKnownFileType = text.xcconfig; path = Developer.xcconfig; sourceTree = "<group>"; };
		2E6827851476E16D0056CE09 /* QSPlugIn.xcconfig */ = {isa = PBXFileReference; fileEncoding = 4; lastKnownFileType = text.xcconfig; path = QSPlugIn.xcconfig; sourceTree = "<group>"; };
		2E6827881476E16D0056CE09 /* Quicksilver.pch */ = {isa = PBXFileReference; fileEncoding = 4; lastKnownFileType = sourcecode.c.h; path = Quicksilver.pch; sourceTree = "<group>"; };
		2E6827891476E16D0056CE09 /* Release.xcconfig */ = {isa = PBXFileReference; fileEncoding = 4; lastKnownFileType = text.xcconfig; path = Release.xcconfig; sourceTree = "<group>"; };
		2EE703FF14795ACE006EBF76 /* sqlite3.c */ = {isa = PBXFileReference; fileEncoding = 4; lastKnownFileType = sourcecode.c.c; name = sqlite3.c; path = "sqlite-amalgamation/sqlite3.c"; sourceTree = "<group>"; };
		2EE7040014795ACE006EBF76 /* sqlite3.h */ = {isa = PBXFileReference; fileEncoding = 4; lastKnownFileType = sourcecode.c.h; name = sqlite3.h; path = "sqlite-amalgamation/sqlite3.h"; sourceTree = "<group>"; };
		2EE7043114795FF2006EBF76 /* FMDatabase.h */ = {isa = PBXFileReference; fileEncoding = 4; lastKnownFileType = sourcecode.c.h; path = FMDatabase.h; sourceTree = "<group>"; };
		2EE7043214795FF2006EBF76 /* FMDatabase.m */ = {isa = PBXFileReference; fileEncoding = 4; lastKnownFileType = sourcecode.c.objc; path = FMDatabase.m; sourceTree = "<group>"; };
		2EE7043314795FF2006EBF76 /* FMDatabaseAdditions.h */ = {isa = PBXFileReference; fileEncoding = 4; lastKnownFileType = sourcecode.c.h; path = FMDatabaseAdditions.h; sourceTree = "<group>"; };
		2EE7043414795FF2006EBF76 /* FMDatabaseAdditions.m */ = {isa = PBXFileReference; fileEncoding = 4; lastKnownFileType = sourcecode.c.objc; path = FMDatabaseAdditions.m; sourceTree = "<group>"; };
		2EE7043514795FF2006EBF76 /* FMResultSet.h */ = {isa = PBXFileReference; fileEncoding = 4; lastKnownFileType = sourcecode.c.h; path = FMResultSet.h; sourceTree = "<group>"; };
		2EE7043614795FF2006EBF76 /* FMResultSet.m */ = {isa = PBXFileReference; fileEncoding = 4; lastKnownFileType = sourcecode.c.objc; path = FMResultSet.m; sourceTree = "<group>"; };
		2EE7047114796D4C006EBF76 /* QSParser.name.strings */ = {isa = PBXFileReference; fileEncoding = 4; lastKnownFileType = text.plist.strings; path = QSParser.name.strings; sourceTree = "<group>"; };
		8D1AC9730486D14A00FE50C9 /* Info.plist */ = {isa = PBXFileReference; fileEncoding = 4; lastKnownFileType = text.plist; path = Info.plist; sourceTree = "<group>"; };
		8D1AC9740486D14A00FE50C9 /* Firefox Plugin.qsplugin */ = {isa = PBXFileReference; explicitFileType = wrapper.cfbundle; includeInIndex = 0; path = "Firefox Plugin.qsplugin"; sourceTree = BUILT_PRODUCTS_DIR; };
		CDB5A07327C1422400F43DE0 /* lz4firefox.m */ = {isa = PBXFileReference; lastKnownFileType = sourcecode.c.objc; path = lz4firefox.m; sourceTree = "<group>"; };
		CDB5A07527C142D200F43DE0 /* lz4.c */ = {isa = PBXFileReference; fileEncoding = 4; lastKnownFileType = sourcecode.c.c; name = lz4.c; path = lz4/lib/lz4.c; sourceTree = "<group>"; };
		CDB5A07627C142D200F43DE0 /* lz4.h */ = {isa = PBXFileReference; fileEncoding = 4; lastKnownFileType = sourcecode.c.h; name = lz4.h; path = lz4/lib/lz4.h; sourceTree = "<group>"; };
		CDB5A07927C1481400F43DE0 /* lz4firefox.h */ = {isa = PBXFileReference; lastKnownFileType = sourcecode.c.h; path = lz4firefox.h; sourceTree = "<group>"; };
		CDB5A07B27C14C5500F43DE0 /* FMDatabase.h */ = {isa = PBXFileReference; lastKnownFileType = sourcecode.c.h; path = FMDatabase.h; sourceTree = "<group>"; };
		CDB5A07C27C14C5500F43DE0 /* FMDatabaseQueue.m */ = {isa = PBXFileReference; lastKnownFileType = sourcecode.c.objc; path = FMDatabaseQueue.m; sourceTree = "<group>"; };
		CDB5A07D27C14C5500F43DE0 /* FMResultSet.h */ = {isa = PBXFileReference; lastKnownFileType = sourcecode.c.h; path = FMResultSet.h; sourceTree = "<group>"; };
		CDB5A07E27C14C5500F43DE0 /* FMDatabasePool.h */ = {isa = PBXFileReference; lastKnownFileType = sourcecode.c.h; path = FMDatabasePool.h; sourceTree = "<group>"; };
		CDB5A07F27C14C5500F43DE0 /* FMDatabaseAdditions.m */ = {isa = PBXFileReference; lastKnownFileType = sourcecode.c.objc; path = FMDatabaseAdditions.m; sourceTree = "<group>"; };
		CDB5A08027C14C5500F43DE0 /* FMDatabase.m */ = {isa = PBXFileReference; lastKnownFileType = sourcecode.c.objc; path = FMDatabase.m; sourceTree = "<group>"; };
		CDB5A08127C14C5500F43DE0 /* FMDatabaseQueue.h */ = {isa = PBXFileReference; lastKnownFileType = sourcecode.c.h; path = FMDatabaseQueue.h; sourceTree = "<group>"; };
		CDB5A08227C14C5500F43DE0 /* FMDB.h */ = {isa = PBXFileReference; lastKnownFileType = sourcecode.c.h; path = FMDB.h; sourceTree = "<group>"; };
		CDB5A08327C14C5500F43DE0 /* FMDatabaseAdditions.h */ = {isa = PBXFileReference; lastKnownFileType = sourcecode.c.h; path = FMDatabaseAdditions.h; sourceTree = "<group>"; };
		CDB5A08427C14C5500F43DE0 /* FMDatabasePool.m */ = {isa = PBXFileReference; lastKnownFileType = sourcecode.c.objc; path = FMDatabasePool.m; sourceTree = "<group>"; };
		CDB5A08527C14C5500F43DE0 /* FMResultSet.m */ = {isa = PBXFileReference; lastKnownFileType = sourcecode.c.objc; path = FMResultSet.m; sourceTree = "<group>"; };
		CDB5A08627C14C5500F43DE0 /* Info.plist */ = {isa = PBXFileReference; lastKnownFileType = text.plist.xml; path = Info.plist; sourceTree = "<group>"; };
		DD92D38A0106425D02CA0E72 /* Cocoa.framework */ = {isa = PBXFileReference; lastKnownFileType = wrapper.framework; name = Cocoa.framework; path = /System/Library/Frameworks/Cocoa.framework; sourceTree = "<absolute>"; };
		E1EAB045068128A200774DFF /* QSFirefoxPlugIn.m */ = {isa = PBXFileReference; fileEncoding = 30; lastKnownFileType = sourcecode.c.objc; path = QSFirefoxPlugIn.m; sourceTree = "<group>"; };
		E1EAB047068128A800774DFF /* QSFirefoxPlugIn.h */ = {isa = PBXFileReference; fileEncoding = 30; lastKnownFileType = sourcecode.c.h; path = QSFirefoxPlugIn.h; sourceTree = "<group>"; };
/* End PBXFileReference section */

/* Begin PBXFrameworksBuildPhase section */
		8D1AC96E0486D14A00FE50C9 /* Frameworks */ = {
			isa = PBXFrameworksBuildPhase;
			buildActionMask = 2147483647;
			files = (
				8D1AC9700486D14A00FE50C9 /* Cocoa.framework in Frameworks */,
			);
			runOnlyForDeploymentPostprocessing = 0;
		};
/* End PBXFrameworksBuildPhase section */

/* Begin PBXGroup section */
		0259C574FE90428111CA0C5A /* QSFirefoxPlugIn */ = {
			isa = PBXGroup;
			children = (
				2E6827811476E16D0056CE09 /* Configuration */,
				32DBCF9E0370C38000C91783 /* Classes */,
				0259C582FE90428111CA0C5A /* Resources */,
				1ED78706FE9D4A0611CA0C5A /* Products */,
				2E58F364FFB232C311CA0CBA /* Frameworks */,
			);
			name = QSFirefoxPlugIn;
			sourceTree = "<group>";
		};
		0259C582FE90428111CA0C5A /* Resources */ = {
			isa = PBXGroup;
			children = (
				8D1AC9730486D14A00FE50C9 /* Info.plist */,
				2EE7047114796D4C006EBF76 /* QSParser.name.strings */,
			);
			name = Resources;
			sourceTree = "<group>";
		};
		1ED78706FE9D4A0611CA0C5A /* Products */ = {
			isa = PBXGroup;
			children = (
				8D1AC9740486D14A00FE50C9 /* Firefox Plugin.qsplugin */,
			);
			name = Products;
			sourceTree = "<group>";
		};
		2E58F364FFB232C311CA0CBA /* Frameworks */ = {
			isa = PBXGroup;
			children = (
				DD92D38A0106425D02CA0E72 /* Cocoa.framework */,
			);
			name = Frameworks;
			sourceTree = QSFramework;
		};
		2E6827811476E16D0056CE09 /* Configuration */ = {
			isa = PBXGroup;
			children = (
				2E6827821476E16D0056CE09 /* Common.xcconfig */,
				2E6827831476E16D0056CE09 /* Debug.xcconfig */,
				2E6827841476E16D0056CE09 /* Developer.xcconfig */,
				2E6827851476E16D0056CE09 /* QSPlugIn.xcconfig */,
				2E6827881476E16D0056CE09 /* Quicksilver.pch */,
				2E6827891476E16D0056CE09 /* Release.xcconfig */,
				CDB5A07A27C14C5500F43DE0 /* fmdb */,
			);
			name = Configuration;
			path = /private/tmp/QS/Configuration;
			sourceTree = "<absolute>";
		};
		2EE7040D14795AD7006EBF76 /* SQLite */ = {
			isa = PBXGroup;
			children = (
				2EE703FF14795ACE006EBF76 /* sqlite3.c */,
				2EE7040014795ACE006EBF76 /* sqlite3.h */,
			);
			name = SQLite;
			sourceTree = "<group>";
		};
		2EE7043014795FF2006EBF76 /* FMDB */ = {
			isa = PBXGroup;
			children = (
				2EE7043114795FF2006EBF76 /* FMDatabase.h */,
				2EE7043214795FF2006EBF76 /* FMDatabase.m */,
				2EE7043314795FF2006EBF76 /* FMDatabaseAdditions.h */,
				2EE7043414795FF2006EBF76 /* FMDatabaseAdditions.m */,
				2EE7043514795FF2006EBF76 /* FMResultSet.h */,
				2EE7043614795FF2006EBF76 /* FMResultSet.m */,
			);
			path = FMDB;
			sourceTree = "<group>";
		};
		32DBCF9E0370C38000C91783 /* Classes */ = {
			isa = PBXGroup;
			children = (
				2EE7043014795FF2006EBF76 /* FMDB */,
				2EE7040D14795AD7006EBF76 /* SQLite */,
				E1EAB047068128A800774DFF /* QSFirefoxPlugIn.h */,
				E1EAB045068128A200774DFF /* QSFirefoxPlugIn.m */,
				CDB5A07527C142D200F43DE0 /* lz4.c */,
				CDB5A07627C142D200F43DE0 /* lz4.h */,
				CDB5A07327C1422400F43DE0 /* lz4firefox.m */,
				CDB5A07927C1481400F43DE0 /* lz4firefox.h */,
			);
			name = Classes;
			sourceTree = "<group>";
		};
		CDB5A07A27C14C5500F43DE0 /* fmdb */ = {
			isa = PBXGroup;
			children = (
				CDB5A07B27C14C5500F43DE0 /* FMDatabase.h */,
				CDB5A07C27C14C5500F43DE0 /* FMDatabaseQueue.m */,
				CDB5A07D27C14C5500F43DE0 /* FMResultSet.h */,
				CDB5A07E27C14C5500F43DE0 /* FMDatabasePool.h */,
				CDB5A07F27C14C5500F43DE0 /* FMDatabaseAdditions.m */,
				CDB5A08027C14C5500F43DE0 /* FMDatabase.m */,
				CDB5A08127C14C5500F43DE0 /* FMDatabaseQueue.h */,
				CDB5A08227C14C5500F43DE0 /* FMDB.h */,
				CDB5A08327C14C5500F43DE0 /* FMDatabaseAdditions.h */,
				CDB5A08427C14C5500F43DE0 /* FMDatabasePool.m */,
				CDB5A08527C14C5500F43DE0 /* FMResultSet.m */,
				CDB5A08627C14C5500F43DE0 /* Info.plist */,
			);
			name = fmdb;
			path = FMDB/src/fmdb;
			sourceTree = SOURCE_ROOT;
		};
/* End PBXGroup section */

/* Begin PBXNativeTarget section */
		8D1AC9600486D14A00FE50C9 /* Firefox Plugin */ = {
			isa = PBXNativeTarget;
			buildConfigurationList = 7F07AFFA085E433100E2AFC4 /* Build configuration list for PBXNativeTarget "Firefox Plugin" */;
			buildPhases = (
				E1022B2806B3475D00299BEC /* Update Version and Documentation */,
				8D1AC9660486D14A00FE50C9 /* Resources */,
				8D1AC96A0486D14A00FE50C9 /* Sources */,
				8D1AC96E0486D14A00FE50C9 /* Frameworks */,
			);
			buildRules = (
			);
			dependencies = (
			);
			name = "Firefox Plugin";
			productInstallPath = "$(HOME)/Developer/Palettes";
			productName = QSFirefoxPlugIn;
			productReference = 8D1AC9740486D14A00FE50C9 /* Firefox Plugin.qsplugin */;
			productType = "com.apple.product-type.bundle";
		};
/* End PBXNativeTarget section */

/* Begin PBXProject section */
		0259C573FE90428111CA0C5A /* Project object */ = {
			isa = PBXProject;
			attributes = {
				LastUpgradeCheck = 0600;
				TargetAttributes = {
					8D1AC9600486D14A00FE50C9 = {
						ProvisioningStyle = Manual;
					};
				};
			};
			buildConfigurationList = 7F07AFFE085E433100E2AFC4 /* Build configuration list for PBXProject "QSFirefoxPlugIn" */;
			compatibilityVersion = "Xcode 3.2";
			developmentRegion = English;
			hasScannedForEncodings = 1;
			knownRegions = (
				English,
				Japanese,
				French,
				German,
			);
			mainGroup = 0259C574FE90428111CA0C5A /* QSFirefoxPlugIn */;
			projectDirPath = "";
			projectRoot = "";
			targets = (
				8D1AC9600486D14A00FE50C9 /* Firefox Plugin */,
			);
		};
/* End PBXProject section */

/* Begin PBXResourcesBuildPhase section */
		8D1AC9660486D14A00FE50C9 /* Resources */ = {
			isa = PBXResourcesBuildPhase;
			buildActionMask = 2147483647;
			files = (
				2EE7047214796D4C006EBF76 /* QSParser.name.strings in Resources */,
			);
			runOnlyForDeploymentPostprocessing = 0;
		};
/* End PBXResourcesBuildPhase section */

/* Begin PBXShellScriptBuildPhase section */
		E1022B2806B3475D00299BEC /* Update Version and Documentation */ = {
			isa = PBXShellScriptBuildPhase;
			buildActionMask = 12;
			files = (
			);
			inputPaths = (
			);
			name = "Update Version and Documentation";
			outputPaths = (
			);
			runOnlyForDeploymentPostprocessing = 0;
			shellPath = /bin/sh;
			shellScript = "\"$QS_BUILD_ROOT/Tools/bltrversion\"\n";
		};
/* End PBXShellScriptBuildPhase section */

/* Begin PBXSourcesBuildPhase section */
		8D1AC96A0486D14A00FE50C9 /* Sources */ = {
			isa = PBXSourcesBuildPhase;
			buildActionMask = 2147483647;
			files = (
				CDB5A07727C142D200F43DE0 /* lz4.c in Sources */,
				E1EAB046068128A200774DFF /* QSFirefoxPlugIn.m in Sources */,
				CDB5A07827C147E300F43DE0 /* lz4firefox.m in Sources */,
				2EE7040114795ACE006EBF76 /* sqlite3.c in Sources */,
				CDB5A08727C14C7500F43DE0 /* FMDatabaseAdditions.m in Sources */,
				CDB5A08827C14C7500F43DE0 /* FMDatabase.m in Sources */,
				CDB5A08927C14C7500F43DE0 /* FMResultSet.m in Sources */,
			);
			runOnlyForDeploymentPostprocessing = 0;
		};
/* End PBXSourcesBuildPhase section */

/* Begin XCBuildConfiguration section */
		7F07AFFB085E433100E2AFC4 /* Debug */ = {
			isa = XCBuildConfiguration;
			baseConfigurationReference = 2E6827851476E16D0056CE09 /* QSPlugIn.xcconfig */;
			buildSettings = {
				COMBINE_HIDPI_IMAGES = YES;
				COPY_PHASE_STRIP = NO;
				CURRENT_PROJECT_VERSION = B1;
				FRAMEWORK_SEARCH_PATHS = (
					"$(inherited)",
					"$(FRAMEWORK_SEARCH_PATHS_QUOTED_FOR_TARGET_1)",
				);
				FRAMEWORK_SEARCH_PATHS_QUOTED_FOR_TARGET_1 = "\"$(SYSTEM_APPS_DIR)/Quicksilver.app/Contents/Frameworks\"";
				LIBRARY_SEARCH_PATHS = (
					"$(inherited)",
					"$(LIBRARY_SEARCH_PATHS_QUOTED_FOR_TARGET_1)",
				);
				LIBRARY_SEARCH_PATHS_QUOTED_FOR_TARGET_1 = "\"$(SRCROOT)/../fmdb/build/Release\"";
				MARKETING_VERSION = 1.2.0;
				OTHER_CFLAGS = "-fno-fast-math";
			};
			name = Debug;
		};
		7F07AFFC085E433100E2AFC4 /* Release */ = {
			isa = XCBuildConfiguration;
			baseConfigurationReference = 2E6827851476E16D0056CE09 /* QSPlugIn.xcconfig */;
			buildSettings = {
				COMBINE_HIDPI_IMAGES = YES;
				CURRENT_PROJECT_VERSION = B1;
				FRAMEWORK_SEARCH_PATHS = (
					"$(inherited)",
					"$(FRAMEWORK_SEARCH_PATHS_QUOTED_FOR_TARGET_1)",
				);
				FRAMEWORK_SEARCH_PATHS_QUOTED_FOR_TARGET_1 = "\"$(SYSTEM_APPS_DIR)/Quicksilver.app/Contents/Frameworks\"";
				LIBRARY_SEARCH_PATHS = (
					"$(inherited)",
					"$(LIBRARY_SEARCH_PATHS_QUOTED_FOR_TARGET_1)",
				);
				LIBRARY_SEARCH_PATHS_QUOTED_FOR_TARGET_1 = "\"$(SRCROOT)/../fmdb/build/Release\"";
				MARKETING_VERSION = 1.2.0;
				OTHER_CFLAGS = "-fno-fast-math";
			};
			name = Release;
		};
		7F07AFFF085E433100E2AFC4 /* Debug */ = {
			isa = XCBuildConfiguration;
			baseConfigurationReference = 2E6827831476E16D0056CE09 /* Debug.xcconfig */;
			buildSettings = {
				COPY_PHASE_STRIP = NO;
				INFOPLIST_PREPROCESS = YES;
				ONLY_ACTIVE_ARCH = YES;
				STRIP_INSTALLED_PRODUCT = NO;
			};
			name = Debug;
		};
		7F07B000085E433100E2AFC4 /* Release */ = {
			isa = XCBuildConfiguration;
			baseConfigurationReference = 2E6827891476E16D0056CE09 /* Release.xcconfig */;
			buildSettings = {
				DEPLOYMENT_POSTPROCESSING = YES;
				GENERATE_PKGINFO_FILE = YES;
				INFOPLIST_PREPROCESS = YES;
			};
			name = Release;
		};
/* End XCBuildConfiguration section */

/* Begin XCConfigurationList section */
		7F07AFFA085E433100E2AFC4 /* Build configuration list for PBXNativeTarget "Firefox Plugin" */ = {
			isa = XCConfigurationList;
			buildConfigurations = (
				7F07AFFB085E433100E2AFC4 /* Debug */,
				7F07AFFC085E433100E2AFC4 /* Release */,
			);
			defaultConfigurationIsVisible = 0;
			defaultConfigurationName = Debug;
		};
		7F07AFFE085E433100E2AFC4 /* Build configuration list for PBXProject "QSFirefoxPlugIn" */ = {
			isa = XCConfigurationList;
			buildConfigurations = (
				7F07AFFF085E433100E2AFC4 /* Debug */,
				7F07B000085E433100E2AFC4 /* Release */,
			);
			defaultConfigurationIsVisible = 0;
			defaultConfigurationName = Debug;
		};
/* End XCConfigurationList section */
	};
	rootObject = 0259C573FE90428111CA0C5A /* Project object */;
}
